// !$*UTF8*$!
{
	archiveVersion = 1;
	classes = {
	};
	objectVersion = 55;
	objects = {

/* Begin PBXBuildFile section */
		8C5C06212822CB00005B7420 /* UIViewController+extension.swift in Sources */ = {isa = PBXBuildFile; fileRef = 8C5C06202822CB00005B7420 /* UIViewController+extension.swift */; };
		8C6319F328378D6B0052BDF9 /* Friend.swift in Sources */ = {isa = PBXBuildFile; fileRef = 8C6319F228378D6B0052BDF9 /* Friend.swift */; };
		8C6319F528378DC70052BDF9 /* Group.swift in Sources */ = {isa = PBXBuildFile; fileRef = 8C6319F428378DC70052BDF9 /* Group.swift */; };
		8C6319F92837982B0052BDF9 /* CustomTableViewCell.swift in Sources */ = {isa = PBXBuildFile; fileRef = 8C6319F72837982B0052BDF9 /* CustomTableViewCell.swift */; };
		8C6319FA2837982B0052BDF9 /* CustomTableViewCell.xib in Resources */ = {isa = PBXBuildFile; fileRef = 8C6319F82837982B0052BDF9 /* CustomTableViewCell.xib */; };
		8C6319FD28379FEC0052BDF9 /* FriendsViewController.swift in Sources */ = {isa = PBXBuildFile; fileRef = 8C6319FC28379FEC0052BDF9 /* FriendsViewController.swift */; };
		8C81F8372837D8BF00EE6F34 /* MyGroupsViewController.swift in Sources */ = {isa = PBXBuildFile; fileRef = 8C81F8362837D8BF00EE6F34 /* MyGroupsViewController.swift */; };
		8C93654B2869A97A001A31C5 /* Constants.swift in Sources */ = {isa = PBXBuildFile; fileRef = 8C93654A2869A97A001A31C5 /* Constants.swift */; };
		8CA228252845BEEC0018FD6D /* GalleryViewController+Delegate.swift in Sources */ = {isa = PBXBuildFile; fileRef = 8CA228242845BEEC0018FD6D /* GalleryViewController+Delegate.swift */; };
		8CA228272845BF1B0018FD6D /* GalleryViewController+DataSource.swift in Sources */ = {isa = PBXBuildFile; fileRef = 8CA228262845BF1B0018FD6D /* GalleryViewController+DataSource.swift */; };
		8CA2282A2848143B0018FD6D /* GalleryViewController+FlowLayout.swift in Sources */ = {isa = PBXBuildFile; fileRef = 8CA228292848143B0018FD6D /* GalleryViewController+FlowLayout.swift */; };
		8CA3A81028387ABE008A1428 /* AllGroupsViewController.swift in Sources */ = {isa = PBXBuildFile; fileRef = 8CA3A80F28387ABE008A1428 /* AllGroupsViewController.swift */; };
		8CA3E456283C41D700410753 /* GalleryFriendsCollectionViewCell.swift in Sources */ = {isa = PBXBuildFile; fileRef = 8CA3E454283C41D700410753 /* GalleryFriendsCollectionViewCell.swift */; };
		8CA3E457283C41D700410753 /* GalleryFriendsCollectionViewCell.xib in Resources */ = {isa = PBXBuildFile; fileRef = 8CA3E455283C41D700410753 /* GalleryFriendsCollectionViewCell.xib */; };
		8CA3E459283C4AAC00410753 /* GalleryViewController.swift in Sources */ = {isa = PBXBuildFile; fileRef = 8CA3E458283C4AAC00410753 /* GalleryViewController.swift */; };
		8CBB37592814266200359936 /* AppDelegate.swift in Sources */ = {isa = PBXBuildFile; fileRef = 8CBB37582814266200359936 /* AppDelegate.swift */; };
		8CBB375B2814266200359936 /* SceneDelegate.swift in Sources */ = {isa = PBXBuildFile; fileRef = 8CBB375A2814266200359936 /* SceneDelegate.swift */; };
		8CBB375D2814266200359936 /* ViewController.swift in Sources */ = {isa = PBXBuildFile; fileRef = 8CBB375C2814266200359936 /* ViewController.swift */; };
		8CBB37602814266200359936 /* Main.storyboard in Resources */ = {isa = PBXBuildFile; fileRef = 8CBB375E2814266200359936 /* Main.storyboard */; };
		8CBB37622814266300359936 /* Assets.xcassets in Resources */ = {isa = PBXBuildFile; fileRef = 8CBB37612814266300359936 /* Assets.xcassets */; };
		8CBB37652814266300359936 /* LaunchScreen.storyboard in Resources */ = {isa = PBXBuildFile; fileRef = 8CBB37632814266300359936 /* LaunchScreen.storyboard */; };
/* End PBXBuildFile section */

/* Begin PBXFileReference section */
		8C5C06202822CB00005B7420 /* UIViewController+extension.swift */ = {isa = PBXFileReference; lastKnownFileType = sourcecode.swift; path = "UIViewController+extension.swift"; sourceTree = "<group>"; };
		8C6319F228378D6B0052BDF9 /* Friend.swift */ = {isa = PBXFileReference; lastKnownFileType = sourcecode.swift; path = Friend.swift; sourceTree = "<group>"; };
		8C6319F428378DC70052BDF9 /* Group.swift */ = {isa = PBXFileReference; lastKnownFileType = sourcecode.swift; path = Group.swift; sourceTree = "<group>"; };
		8C6319F72837982B0052BDF9 /* CustomTableViewCell.swift */ = {isa = PBXFileReference; lastKnownFileType = sourcecode.swift; path = CustomTableViewCell.swift; sourceTree = "<group>"; };
		8C6319F82837982B0052BDF9 /* CustomTableViewCell.xib */ = {isa = PBXFileReference; lastKnownFileType = file.xib; path = CustomTableViewCell.xib; sourceTree = "<group>"; };
		8C6319FC28379FEC0052BDF9 /* FriendsViewController.swift */ = {isa = PBXFileReference; lastKnownFileType = sourcecode.swift; path = FriendsViewController.swift; sourceTree = "<group>"; };
		8C81F8362837D8BF00EE6F34 /* MyGroupsViewController.swift */ = {isa = PBXFileReference; lastKnownFileType = sourcecode.swift; path = MyGroupsViewController.swift; sourceTree = "<group>"; };
		8C93654A2869A97A001A31C5 /* Constants.swift */ = {isa = PBXFileReference; lastKnownFileType = sourcecode.swift; path = Constants.swift; sourceTree = "<group>"; };
		8CA228242845BEEC0018FD6D /* GalleryViewController+Delegate.swift */ = {isa = PBXFileReference; lastKnownFileType = sourcecode.swift; path = "GalleryViewController+Delegate.swift"; sourceTree = "<group>"; };
		8CA228262845BF1B0018FD6D /* GalleryViewController+DataSource.swift */ = {isa = PBXFileReference; lastKnownFileType = sourcecode.swift; path = "GalleryViewController+DataSource.swift"; sourceTree = "<group>"; };
		8CA228292848143B0018FD6D /* GalleryViewController+FlowLayout.swift */ = {isa = PBXFileReference; lastKnownFileType = sourcecode.swift; path = "GalleryViewController+FlowLayout.swift"; sourceTree = "<group>"; };
		8CA3A80F28387ABE008A1428 /* AllGroupsViewController.swift */ = {isa = PBXFileReference; lastKnownFileType = sourcecode.swift; path = AllGroupsViewController.swift; sourceTree = "<group>"; };
		8CA3E454283C41D700410753 /* GalleryFriendsCollectionViewCell.swift */ = {isa = PBXFileReference; lastKnownFileType = sourcecode.swift; path = GalleryFriendsCollectionViewCell.swift; sourceTree = "<group>"; };
		8CA3E455283C41D700410753 /* GalleryFriendsCollectionViewCell.xib */ = {isa = PBXFileReference; lastKnownFileType = file.xib; path = GalleryFriendsCollectionViewCell.xib; sourceTree = "<group>"; };
		8CA3E458283C4AAC00410753 /* GalleryViewController.swift */ = {isa = PBXFileReference; lastKnownFileType = sourcecode.swift; path = GalleryViewController.swift; sourceTree = "<group>"; };
		8CBB37552814266200359936 /* ZotovaIA-ProjectOne.app */ = {isa = PBXFileReference; explicitFileType = wrapper.application; includeInIndex = 0; path = "ZotovaIA-ProjectOne.app"; sourceTree = BUILT_PRODUCTS_DIR; };
		8CBB37582814266200359936 /* AppDelegate.swift */ = {isa = PBXFileReference; lastKnownFileType = sourcecode.swift; path = AppDelegate.swift; sourceTree = "<group>"; };
		8CBB375A2814266200359936 /* SceneDelegate.swift */ = {isa = PBXFileReference; lastKnownFileType = sourcecode.swift; path = SceneDelegate.swift; sourceTree = "<group>"; };
		8CBB375C2814266200359936 /* ViewController.swift */ = {isa = PBXFileReference; lastKnownFileType = sourcecode.swift; path = ViewController.swift; sourceTree = "<group>"; };
		8CBB375F2814266200359936 /* Base */ = {isa = PBXFileReference; lastKnownFileType = file.storyboard; name = Base; path = Base.lproj/Main.storyboard; sourceTree = "<group>"; };
		8CBB37612814266300359936 /* Assets.xcassets */ = {isa = PBXFileReference; lastKnownFileType = folder.assetcatalog; path = Assets.xcassets; sourceTree = "<group>"; };
		8CBB37642814266300359936 /* Base */ = {isa = PBXFileReference; lastKnownFileType = file.storyboard; name = Base; path = Base.lproj/LaunchScreen.storyboard; sourceTree = "<group>"; };
		8CBB37662814266300359936 /* Info.plist */ = {isa = PBXFileReference; lastKnownFileType = text.plist.xml; path = Info.plist; sourceTree = "<group>"; };
/* End PBXFileReference section */

/* Begin PBXFrameworksBuildPhase section */
		8CBB37522814266200359936 /* Frameworks */ = {
			isa = PBXFrameworksBuildPhase;
			buildActionMask = 2147483647;
			files = (
			);
			runOnlyForDeploymentPostprocessing = 0;
		};
/* End PBXFrameworksBuildPhase section */

/* Begin PBXGroup section */
		8C6319F128378CBA0052BDF9 /* Model */ = {
			isa = PBXGroup;
			children = (
				8C6319F228378D6B0052BDF9 /* Friend.swift */,
				8C6319F428378DC70052BDF9 /* Group.swift */,
			);
			path = Model;
			sourceTree = "<group>";
		};
		8C6319F6283797B20052BDF9 /* Cells */ = {
			isa = PBXGroup;
			children = (
				8C6319F72837982B0052BDF9 /* CustomTableViewCell.swift */,
				8C6319F82837982B0052BDF9 /* CustomTableViewCell.xib */,
				8CA3E454283C41D700410753 /* GalleryFriendsCollectionViewCell.swift */,
				8CA3E455283C41D700410753 /* GalleryFriendsCollectionViewCell.xib */,
			);
			path = Cells;
			sourceTree = "<group>";
		};
		8C6319FB28379F190052BDF9 /* Controllers */ = {
			isa = PBXGroup;
			children = (
				8CBB375C2814266200359936 /* ViewController.swift */,
				8C6319FC28379FEC0052BDF9 /* FriendsViewController.swift */,
				8C81F8362837D8BF00EE6F34 /* MyGroupsViewController.swift */,
				8CA3A80F28387ABE008A1428 /* AllGroupsViewController.swift */,
				8CA228282845CF680018FD6D /* GalleryViewController */,
			);
			path = Controllers;
			sourceTree = "<group>";
		};
		8CA228282845CF680018FD6D /* GalleryViewController */ = {
			isa = PBXGroup;
			children = (
				8CA3E458283C4AAC00410753 /* GalleryViewController.swift */,
				8CA228242845BEEC0018FD6D /* GalleryViewController+Delegate.swift */,
				8CA228262845BF1B0018FD6D /* GalleryViewController+DataSource.swift */,
				8CA228292848143B0018FD6D /* GalleryViewController+FlowLayout.swift */,
			);
			path = GalleryViewController;
			sourceTree = "<group>";
		};
		8CBB374C2814266200359936 = {
			isa = PBXGroup;
			children = (
				8CBB37572814266200359936 /* ZotovaIA-ProjectOne */,
				8CBB37562814266200359936 /* Products */,
			);
			sourceTree = "<group>";
		};
		8CBB37562814266200359936 /* Products */ = {
			isa = PBXGroup;
			children = (
				8CBB37552814266200359936 /* ZotovaIA-ProjectOne.app */,
			);
			name = Products;
			sourceTree = "<group>";
		};
		8CBB37572814266200359936 /* ZotovaIA-ProjectOne */ = {
			isa = PBXGroup;
			children = (
				8C6319F128378CBA0052BDF9 /* Model */,
				8C6319F6283797B20052BDF9 /* Cells */,
				8C6319FB28379F190052BDF9 /* Controllers */,
				8CBB37582814266200359936 /* AppDelegate.swift */,
				8CBB375A2814266200359936 /* SceneDelegate.swift */,
				8C93654A2869A97A001A31C5 /* Constants.swift */,
				8C5C06202822CB00005B7420 /* UIViewController+extension.swift */,
				8CBB375E2814266200359936 /* Main.storyboard */,
				8CBB37612814266300359936 /* Assets.xcassets */,
				8CBB37632814266300359936 /* LaunchScreen.storyboard */,
				8CBB37662814266300359936 /* Info.plist */,
			);
			path = "ZotovaIA-ProjectOne";
			sourceTree = "<group>";
		};
/* End PBXGroup section */

/* Begin PBXNativeTarget section */
		8CBB37542814266200359936 /* ZotovaIA-ProjectOne */ = {
			isa = PBXNativeTarget;
			buildConfigurationList = 8CBB37692814266300359936 /* Build configuration list for PBXNativeTarget "ZotovaIA-ProjectOne" */;
			buildPhases = (
				8CBB37512814266200359936 /* Sources */,
				8CBB37522814266200359936 /* Frameworks */,
				8CBB37532814266200359936 /* Resources */,
			);
			buildRules = (
			);
			dependencies = (
			);
			name = "ZotovaIA-ProjectOne";
			productName = "ZotovaIA-ProjectOne";
			productReference = 8CBB37552814266200359936 /* ZotovaIA-ProjectOne.app */;
			productType = "com.apple.product-type.application";
		};
/* End PBXNativeTarget section */

/* Begin PBXProject section */
		8CBB374D2814266200359936 /* Project object */ = {
			isa = PBXProject;
			attributes = {
				BuildIndependentTargetsInParallel = 1;
				LastSwiftUpdateCheck = 1330;
				LastUpgradeCheck = 1330;
				TargetAttributes = {
					8CBB37542814266200359936 = {
						CreatedOnToolsVersion = 13.3.1;
					};
				};
			};
			buildConfigurationList = 8CBB37502814266200359936 /* Build configuration list for PBXProject "ZotovaIA-ProjectOne" */;
			compatibilityVersion = "Xcode 13.0";
			developmentRegion = en;
			hasScannedForEncodings = 0;
			knownRegions = (
				en,
				Base,
			);
			mainGroup = 8CBB374C2814266200359936;
			productRefGroup = 8CBB37562814266200359936 /* Products */;
			projectDirPath = "";
			projectRoot = "";
			targets = (
				8CBB37542814266200359936 /* ZotovaIA-ProjectOne */,
			);
		};
/* End PBXProject section */

/* Begin PBXResourcesBuildPhase section */
		8CBB37532814266200359936 /* Resources */ = {
			isa = PBXResourcesBuildPhase;
			buildActionMask = 2147483647;
			files = (
				8CBB37652814266300359936 /* LaunchScreen.storyboard in Resources */,
				8CBB37622814266300359936 /* Assets.xcassets in Resources */,
				8CA3E457283C41D700410753 /* GalleryFriendsCollectionViewCell.xib in Resources */,
				8C6319FA2837982B0052BDF9 /* CustomTableViewCell.xib in Resources */,
				8CBB37602814266200359936 /* Main.storyboard in Resources */,
			);
			runOnlyForDeploymentPostprocessing = 0;
		};
/* End PBXResourcesBuildPhase section */

/* Begin PBXSourcesBuildPhase section */
		8CBB37512814266200359936 /* Sources */ = {
			isa = PBXSourcesBuildPhase;
			buildActionMask = 2147483647;
			files = (
				8CA3A81028387ABE008A1428 /* AllGroupsViewController.swift in Sources */,
				8CA3E456283C41D700410753 /* GalleryFriendsCollectionViewCell.swift in Sources */,
				8CA228252845BEEC0018FD6D /* GalleryViewController+Delegate.swift in Sources */,
				8C6319FD28379FEC0052BDF9 /* FriendsViewController.swift in Sources */,
				8C5C06212822CB00005B7420 /* UIViewController+extension.swift in Sources */,
				8CBB375D2814266200359936 /* ViewController.swift in Sources */,
				8C81F8372837D8BF00EE6F34 /* MyGroupsViewController.swift in Sources */,
				8C93654B2869A97A001A31C5 /* Constants.swift in Sources */,
				8C6319F328378D6B0052BDF9 /* Friend.swift in Sources */,
				8CA2282A2848143B0018FD6D /* GalleryViewController+FlowLayout.swift in Sources */,
				8C6319F92837982B0052BDF9 /* CustomTableViewCell.swift in Sources */,
				8C6319F528378DC70052BDF9 /* Group.swift in Sources */,
				8CA3E459283C4AAC00410753 /* GalleryViewController.swift in Sources */,
				8CBB37592814266200359936 /* AppDelegate.swift in Sources */,
				8CA228272845BF1B0018FD6D /* GalleryViewController+DataSource.swift in Sources */,
				8CBB375B2814266200359936 /* SceneDelegate.swift in Sources */,
			);
			runOnlyForDeploymentPostprocessing = 0;
		};
/* End PBXSourcesBuildPhase section */

/* Begin PBXVariantGroup section */
		8CBB375E2814266200359936 /* Main.storyboard */ = {
			isa = PBXVariantGroup;
			children = (
				8CBB375F2814266200359936 /* Base */,
			);
			name = Main.storyboard;
			sourceTree = "<group>";
		};
		8CBB37632814266300359936 /* LaunchScreen.storyboard */ = {
			isa = PBXVariantGroup;
			children = (
				8CBB37642814266300359936 /* Base */,
			);
			name = LaunchScreen.storyboard;
			sourceTree = "<group>";
		};
/* End PBXVariantGroup section */

/* Begin XCBuildConfiguration section */
		8CBB37672814266300359936 /* Debug */ = {
			isa = XCBuildConfiguration;
			buildSettings = {
				ALWAYS_SEARCH_USER_PATHS = NO;
				CLANG_ANALYZER_NONNULL = YES;
				CLANG_ANALYZER_NUMBER_OBJECT_CONVERSION = YES_AGGRESSIVE;
				CLANG_CXX_LANGUAGE_STANDARD = "gnu++17";
				CLANG_ENABLE_MODULES = YES;
				CLANG_ENABLE_OBJC_ARC = YES;
				CLANG_ENABLE_OBJC_WEAK = YES;
				CLANG_WARN_BLOCK_CAPTURE_AUTORELEASING = YES;
				CLANG_WARN_BOOL_CONVERSION = YES;
				CLANG_WARN_COMMA = YES;
				CLANG_WARN_CONSTANT_CONVERSION = YES;
				CLANG_WARN_DEPRECATED_OBJC_IMPLEMENTATIONS = YES;
				CLANG_WARN_DIRECT_OBJC_ISA_USAGE = YES_ERROR;
				CLANG_WARN_DOCUMENTATION_COMMENTS = YES;
				CLANG_WARN_EMPTY_BODY = YES;
				CLANG_WARN_ENUM_CONVERSION = YES;
				CLANG_WARN_INFINITE_RECURSION = YES;
				CLANG_WARN_INT_CONVERSION = YES;
				CLANG_WARN_NON_LITERAL_NULL_CONVERSION = YES;
				CLANG_WARN_OBJC_IMPLICIT_RETAIN_SELF = YES;
				CLANG_WARN_OBJC_LITERAL_CONVERSION = YES;
				CLANG_WARN_OBJC_ROOT_CLASS = YES_ERROR;
				CLANG_WARN_QUOTED_INCLUDE_IN_FRAMEWORK_HEADER = YES;
				CLANG_WARN_RANGE_LOOP_ANALYSIS = YES;
				CLANG_WARN_STRICT_PROTOTYPES = YES;
				CLANG_WARN_SUSPICIOUS_MOVE = YES;
				CLANG_WARN_UNGUARDED_AVAILABILITY = YES_AGGRESSIVE;
				CLANG_WARN_UNREACHABLE_CODE = YES;
				CLANG_WARN__DUPLICATE_METHOD_MATCH = YES;
				COPY_PHASE_STRIP = NO;
				DEBUG_INFORMATION_FORMAT = dwarf;
				ENABLE_STRICT_OBJC_MSGSEND = YES;
				ENABLE_TESTABILITY = YES;
				GCC_C_LANGUAGE_STANDARD = gnu11;
				GCC_DYNAMIC_NO_PIC = NO;
				GCC_NO_COMMON_BLOCKS = YES;
				GCC_OPTIMIZATION_LEVEL = 0;
				GCC_PREPROCESSOR_DEFINITIONS = (
					"DEBUG=1",
					"$(inherited)",
				);
				GCC_WARN_64_TO_32_BIT_CONVERSION = YES;
				GCC_WARN_ABOUT_RETURN_TYPE = YES_ERROR;
				GCC_WARN_UNDECLARED_SELECTOR = YES;
				GCC_WARN_UNINITIALIZED_AUTOS = YES_AGGRESSIVE;
				GCC_WARN_UNUSED_FUNCTION = YES;
				GCC_WARN_UNUSED_VARIABLE = YES;
				IPHONEOS_DEPLOYMENT_TARGET = 15.4;
				MTL_ENABLE_DEBUG_INFO = INCLUDE_SOURCE;
				MTL_FAST_MATH = YES;
				ONLY_ACTIVE_ARCH = YES;
				SDKROOT = iphoneos;
				SWIFT_ACTIVE_COMPILATION_CONDITIONS = DEBUG;
				SWIFT_OPTIMIZATION_LEVEL = "-Onone";
			};
			name = Debug;
		};
		8CBB37682814266300359936 /* Release */ = {
			isa = XCBuildConfiguration;
			buildSettings = {
				ALWAYS_SEARCH_USER_PATHS = NO;
				CLANG_ANALYZER_NONNULL = YES;
				CLANG_ANALYZER_NUMBER_OBJECT_CONVERSION = YES_AGGRESSIVE;
				CLANG_CXX_LANGUAGE_STANDARD = "gnu++17";
				CLANG_ENABLE_MODULES = YES;
				CLANG_ENABLE_OBJC_ARC = YES;
				CLANG_ENABLE_OBJC_WEAK = YES;
				CLANG_WARN_BLOCK_CAPTURE_AUTORELEASING = YES;
				CLANG_WARN_BOOL_CONVERSION = YES;
				CLANG_WARN_COMMA = YES;
				CLANG_WARN_CONSTANT_CONVERSION = YES;
				CLANG_WARN_DEPRECATED_OBJC_IMPLEMENTATIONS = YES;
				CLANG_WARN_DIRECT_OBJC_ISA_USAGE = YES_ERROR;
				CLANG_WARN_DOCUMENTATION_COMMENTS = YES;
				CLANG_WARN_EMPTY_BODY = YES;
				CLANG_WARN_ENUM_CONVERSION = YES;
				CLANG_WARN_INFINITE_RECURSION = YES;
				CLANG_WARN_INT_CONVERSION = YES;
				CLANG_WARN_NON_LITERAL_NULL_CONVERSION = YES;
				CLANG_WARN_OBJC_IMPLICIT_RETAIN_SELF = YES;
				CLANG_WARN_OBJC_LITERAL_CONVERSION = YES;
				CLANG_WARN_OBJC_ROOT_CLASS = YES_ERROR;
				CLANG_WARN_QUOTED_INCLUDE_IN_FRAMEWORK_HEADER = YES;
				CLANG_WARN_RANGE_LOOP_ANALYSIS = YES;
				CLANG_WARN_STRICT_PROTOTYPES = YES;
				CLANG_WARN_SUSPICIOUS_MOVE = YES;
				CLANG_WARN_UNGUARDED_AVAILABILITY = YES_AGGRESSIVE;
				CLANG_WARN_UNREACHABLE_CODE = YES;
				CLANG_WARN__DUPLICATE_METHOD_MATCH = YES;
				COPY_PHASE_STRIP = NO;
				DEBUG_INFORMATION_FORMAT = "dwarf-with-dsym";
				ENABLE_NS_ASSERTIONS = NO;
				ENABLE_STRICT_OBJC_MSGSEND = YES;
				GCC_C_LANGUAGE_STANDARD = gnu11;
				GCC_NO_COMMON_BLOCKS = YES;
				GCC_WARN_64_TO_32_BIT_CONVERSION = YES;
				GCC_WARN_ABOUT_RETURN_TYPE = YES_ERROR;
				GCC_WARN_UNDECLARED_SELECTOR = YES;
				GCC_WARN_UNINITIALIZED_AUTOS = YES_AGGRESSIVE;
				GCC_WARN_UNUSED_FUNCTION = YES;
				GCC_WARN_UNUSED_VARIABLE = YES;
				IPHONEOS_DEPLOYMENT_TARGET = 15.4;
				MTL_ENABLE_DEBUG_INFO = NO;
				MTL_FAST_MATH = YES;
				SDKROOT = iphoneos;
				SWIFT_COMPILATION_MODE = wholemodule;
				SWIFT_OPTIMIZATION_LEVEL = "-O";
				VALIDATE_PRODUCT = YES;
			};
			name = Release;
		};
		8CBB376A2814266300359936 /* Debug */ = {
			isa = XCBuildConfiguration;
			buildSettings = {
				ASSETCATALOG_COMPILER_APPICON_NAME = AppIcon;
				ASSETCATALOG_COMPILER_GLOBAL_ACCENT_COLOR_NAME = AccentColor;
				CODE_SIGN_STYLE = Automatic;
				CURRENT_PROJECT_VERSION = 1;
				GENERATE_INFOPLIST_FILE = YES;
				INFOPLIST_FILE = "ZotovaIA-ProjectOne/Info.plist";
				INFOPLIST_KEY_UIApplicationSupportsIndirectInputEvents = YES;
				INFOPLIST_KEY_UILaunchStoryboardName = LaunchScreen;
				INFOPLIST_KEY_UIMainStoryboardFile = Main;
				INFOPLIST_KEY_UISupportedInterfaceOrientations = "UIInterfaceOrientationPortraitUpsideDown UIInterfaceOrientationLandscapeLeft UIInterfaceOrientationLandscapeRight";
				INFOPLIST_KEY_UISupportedInterfaceOrientations_iPad = "UIInterfaceOrientationPortrait UIInterfaceOrientationPortraitUpsideDown UIInterfaceOrientationLandscapeLeft UIInterfaceOrientationLandscapeRight";
				INFOPLIST_KEY_UISupportedInterfaceOrientations_iPhone = "UIInterfaceOrientationPortrait UIInterfaceOrientationLandscapeLeft UIInterfaceOrientationLandscapeRight";
				LD_RUNPATH_SEARCH_PATHS = (
					"$(inherited)",
					"@executable_path/Frameworks",
				);
				MARKETING_VERSION = 1.0;
				PRODUCT_BUNDLE_IDENTIFIER = "r.ZotovaIA-ProjectOne";
				PRODUCT_NAME = "$(TARGET_NAME)";
				SWIFT_EMIT_LOC_STRINGS = YES;
				SWIFT_VERSION = 5.0;
				TARGETED_DEVICE_FAMILY = "1,2";
			};
			name = Debug;
		};
		8CBB376B2814266300359936 /* Release */ = {
			isa = XCBuildConfiguration;
			buildSettings = {
				ASSETCATALOG_COMPILER_APPICON_NAME = AppIcon;
				ASSETCATALOG_COMPILER_GLOBAL_ACCENT_COLOR_NAME = AccentColor;
				CODE_SIGN_STYLE = Automatic;
				CURRENT_PROJECT_VERSION = 1;
				GENERATE_INFOPLIST_FILE = YES;
				INFOPLIST_FILE = "ZotovaIA-ProjectOne/Info.plist";
				INFOPLIST_KEY_UIApplicationSupportsIndirectInputEvents = YES;
				INFOPLIST_KEY_UILaunchStoryboardName = LaunchScreen;
				INFOPLIST_KEY_UIMainStoryboardFile = Main;
				INFOPLIST_KEY_UISupportedInterfaceOrientations = "UIInterfaceOrientationPortraitUpsideDown UIInterfaceOrientationLandscapeLeft UIInterfaceOrientationLandscapeRight";
				INFOPLIST_KEY_UISupportedInterfaceOrientations_iPad = "UIInterfaceOrientationPortrait UIInterfaceOrientationPortraitUpsideDown UIInterfaceOrientationLandscapeLeft UIInterfaceOrientationLandscapeRight";
				INFOPLIST_KEY_UISupportedInterfaceOrientations_iPhone = "UIInterfaceOrientationPortrait UIInterfaceOrientationLandscapeLeft UIInterfaceOrientationLandscapeRight";
				LD_RUNPATH_SEARCH_PATHS = (
					"$(inherited)",
					"@executable_path/Frameworks",
				);
				MARKETING_VERSION = 1.0;
				PRODUCT_BUNDLE_IDENTIFIER = "r.ZotovaIA-ProjectOne";
				PRODUCT_NAME = "$(TARGET_NAME)";
				SWIFT_EMIT_LOC_STRINGS = YES;
				SWIFT_VERSION = 5.0;
				TARGETED_DEVICE_FAMILY = "1,2";
			};
			name = Release;
		};
/* End XCBuildConfiguration section */

/* Begin XCConfigurationList section */
		8CBB37502814266200359936 /* Build configuration list for PBXProject "ZotovaIA-ProjectOne" */ = {
			isa = XCConfigurationList;
			buildConfigurations = (
				8CBB37672814266300359936 /* Debug */,
				8CBB37682814266300359936 /* Release */,
			);
			defaultConfigurationIsVisible = 0;
			defaultConfigurationName = Release;
		};
		8CBB37692814266300359936 /* Build configuration list for PBXNativeTarget "ZotovaIA-ProjectOne" */ = {
			isa = XCConfigurationList;
			buildConfigurations = (
				8CBB376A2814266300359936 /* Debug */,
				8CBB376B2814266300359936 /* Release */,
			);
			defaultConfigurationIsVisible = 0;
			defaultConfigurationName = Release;
		};
/* End XCConfigurationList section */
	};
	rootObject = 8CBB374D2814266200359936 /* Project object */;
}
